// !$*UTF8*$!
{
	archiveVersion = 1;
	classes = {
	};
	objectVersion = 46;
	objects = {

/* Begin PBXBuildFile section */
		2792D9191A07FF940049250E /* Bolts.framework in Frameworks */ = {isa = PBXBuildFile; fileRef = 2792D9161A07FF940049250E /* Bolts.framework */; };
		2792D91A1A07FF940049250E /* Parse.framework in Frameworks */ = {isa = PBXBuildFile; fileRef = 2792D9171A07FF940049250E /* Parse.framework */; };
		2792D91B1A07FF940049250E /* ParseFacebookUtils.framework in Frameworks */ = {isa = PBXBuildFile; fileRef = 2792D9181A07FF940049250E /* ParseFacebookUtils.framework */; };
		2792D91E1A0830960049250E /* AudioToolbox.framework in Frameworks */ = {isa = PBXBuildFile; fileRef = 2792D91D1A0830960049250E /* AudioToolbox.framework */; };
		2792D9221A0830A80049250E /* CFNetwork.framework in Frameworks */ = {isa = PBXBuildFile; fileRef = 2792D91F1A0830A80049250E /* CFNetwork.framework */; };
		2792D9231A0830A80049250E /* CoreGraphics.framework in Frameworks */ = {isa = PBXBuildFile; fileRef = 2792D9201A0830A80049250E /* CoreGraphics.framework */; };
		2792D9241A0830A80049250E /* CoreLocation.framework in Frameworks */ = {isa = PBXBuildFile; fileRef = 2792D9211A0830A80049250E /* CoreLocation.framework */; };
		2792D92B1A0830C70049250E /* libz.1.1.3.dylib in Frameworks */ = {isa = PBXBuildFile; fileRef = 2792D9251A0830C70049250E /* libz.1.1.3.dylib */; };
		2792D92C1A0830C70049250E /* MobileCoreServices.framework in Frameworks */ = {isa = PBXBuildFile; fileRef = 2792D9261A0830C70049250E /* MobileCoreServices.framework */; };
		2792D92D1A0830C70049250E /* QuartzCore.framework in Frameworks */ = {isa = PBXBuildFile; fileRef = 2792D9271A0830C70049250E /* QuartzCore.framework */; };
		2792D92E1A0830C70049250E /* Security.framework in Frameworks */ = {isa = PBXBuildFile; fileRef = 2792D9281A0830C70049250E /* Security.framework */; };
		2792D92F1A0830C70049250E /* StoreKit.framework in Frameworks */ = {isa = PBXBuildFile; fileRef = 2792D9291A0830C70049250E /* StoreKit.framework */; };
		2792D9301A0830C70049250E /* SystemConfiguration.framework in Frameworks */ = {isa = PBXBuildFile; fileRef = 2792D92A1A0830C70049250E /* SystemConfiguration.framework */; };
		27C926601A07EC0C00DD02C1 /* InboxTableViewController.m in Sources */ = {isa = PBXBuildFile; fileRef = 27C9265F1A07EC0C00DD02C1 /* InboxTableViewController.m */; };
		F438532D1A0580C500234A5B /* main.m in Sources */ = {isa = PBXBuildFile; fileRef = F438532C1A0580C500234A5B /* main.m */; };
		F43853301A0580C500234A5B /* AppDelegate.m in Sources */ = {isa = PBXBuildFile; fileRef = F438532F1A0580C500234A5B /* AppDelegate.m */; };
		F43853391A0580C500234A5B /* Main.storyboard in Resources */ = {isa = PBXBuildFile; fileRef = F43853371A0580C500234A5B /* Main.storyboard */; };
		F438533B1A0580C500234A5B /* Images.xcassets in Resources */ = {isa = PBXBuildFile; fileRef = F438533A1A0580C500234A5B /* Images.xcassets */; };
		F438533E1A0580C500234A5B /* LaunchScreen.xib in Resources */ = {isa = PBXBuildFile; fileRef = F438533C1A0580C500234A5B /* LaunchScreen.xib */; };
		F438534A1A0580C500234A5B /* RibbitTests.m in Sources */ = {isa = PBXBuildFile; fileRef = F43853491A0580C500234A5B /* RibbitTests.m */; };
/* End PBXBuildFile section */

/* Begin PBXContainerItemProxy section */
		F43853441A0580C500234A5B /* PBXContainerItemProxy */ = {
			isa = PBXContainerItemProxy;
			containerPortal = F438531F1A0580C500234A5B /* Project object */;
			proxyType = 1;
			remoteGlobalIDString = F43853261A0580C500234A5B;
			remoteInfo = Ribbit;
		};
/* End PBXContainerItemProxy section */

/* Begin PBXFileReference section */
		2792D9161A07FF940049250E /* Bolts.framework */ = {isa = PBXFileReference; lastKnownFileType = wrapper.framework; name = Bolts.framework; path = "parse-library-1.4.2/Bolts.framework"; sourceTree = "<group>"; };
		2792D9171A07FF940049250E /* Parse.framework */ = {isa = PBXFileReference; lastKnownFileType = wrapper.framework; name = Parse.framework; path = "parse-library-1.4.2/Parse.framework"; sourceTree = "<group>"; };
		2792D9181A07FF940049250E /* ParseFacebookUtils.framework */ = {isa = PBXFileReference; lastKnownFileType = wrapper.framework; name = ParseFacebookUtils.framework; path = "parse-library-1.4.2/ParseFacebookUtils.framework"; sourceTree = "<group>"; };
		2792D91D1A0830960049250E /* AudioToolbox.framework */ = {isa = PBXFileReference; lastKnownFileType = wrapper.framework; name = AudioToolbox.framework; path = System/Library/Frameworks/AudioToolbox.framework; sourceTree = SDKROOT; };
		2792D91F1A0830A80049250E /* CFNetwork.framework */ = {isa = PBXFileReference; lastKnownFileType = wrapper.framework; name = CFNetwork.framework; path = System/Library/Frameworks/CFNetwork.framework; sourceTree = SDKROOT; };
		2792D9201A0830A80049250E /* CoreGraphics.framework */ = {isa = PBXFileReference; lastKnownFileType = wrapper.framework; name = CoreGraphics.framework; path = System/Library/Frameworks/CoreGraphics.framework; sourceTree = SDKROOT; };
		2792D9211A0830A80049250E /* CoreLocation.framework */ = {isa = PBXFileReference; lastKnownFileType = wrapper.framework; name = CoreLocation.framework; path = System/Library/Frameworks/CoreLocation.framework; sourceTree = SDKROOT; };
		2792D9251A0830C70049250E /* libz.1.1.3.dylib */ = {isa = PBXFileReference; lastKnownFileType = "compiled.mach-o.dylib"; name = libz.1.1.3.dylib; path = usr/lib/libz.1.1.3.dylib; sourceTree = SDKROOT; };
		2792D9261A0830C70049250E /* MobileCoreServices.framework */ = {isa = PBXFileReference; lastKnownFileType = wrapper.framework; name = MobileCoreServices.framework; path = System/Library/Frameworks/MobileCoreServices.framework; sourceTree = SDKROOT; };
		2792D9271A0830C70049250E /* QuartzCore.framework */ = {isa = PBXFileReference; lastKnownFileType = wrapper.framework; name = QuartzCore.framework; path = System/Library/Frameworks/QuartzCore.framework; sourceTree = SDKROOT; };
		2792D9281A0830C70049250E /* Security.framework */ = {isa = PBXFileReference; lastKnownFileType = wrapper.framework; name = Security.framework; path = System/Library/Frameworks/Security.framework; sourceTree = SDKROOT; };
		2792D9291A0830C70049250E /* StoreKit.framework */ = {isa = PBXFileReference; lastKnownFileType = wrapper.framework; name = StoreKit.framework; path = System/Library/Frameworks/StoreKit.framework; sourceTree = SDKROOT; };
		2792D92A1A0830C70049250E /* SystemConfiguration.framework */ = {isa = PBXFileReference; lastKnownFileType = wrapper.framework; name = SystemConfiguration.framework; path = System/Library/Frameworks/SystemConfiguration.framework; sourceTree = SDKROOT; };
		27C9265E1A07EC0C00DD02C1 /* InboxTableViewController.h */ = {isa = PBXFileReference; fileEncoding = 4; lastKnownFileType = sourcecode.c.h; path = InboxTableViewController.h; sourceTree = "<group>"; };
		27C9265F1A07EC0C00DD02C1 /* InboxTableViewController.m */ = {isa = PBXFileReference; fileEncoding = 4; lastKnownFileType = sourcecode.c.objc; path = InboxTableViewController.m; sourceTree = "<group>"; };
		F43853271A0580C500234A5B /* Ribbit.app */ = {isa = PBXFileReference; explicitFileType = wrapper.application; includeInIndex = 0; path = Ribbit.app; sourceTree = BUILT_PRODUCTS_DIR; };
		F438532B1A0580C500234A5B /* Info.plist */ = {isa = PBXFileReference; lastKnownFileType = text.plist.xml; path = Info.plist; sourceTree = "<group>"; };
		F438532C1A0580C500234A5B /* main.m */ = {isa = PBXFileReference; lastKnownFileType = sourcecode.c.objc; path = main.m; sourceTree = "<group>"; };
		F438532E1A0580C500234A5B /* AppDelegate.h */ = {isa = PBXFileReference; lastKnownFileType = sourcecode.c.h; path = AppDelegate.h; sourceTree = "<group>"; };
		F438532F1A0580C500234A5B /* AppDelegate.m */ = {isa = PBXFileReference; lastKnownFileType = sourcecode.c.objc; path = AppDelegate.m; sourceTree = "<group>"; };
		F43853381A0580C500234A5B /* Base */ = {isa = PBXFileReference; lastKnownFileType = file.storyboard; name = Base; path = Base.lproj/Main.storyboard; sourceTree = "<group>"; };
		F438533A1A0580C500234A5B /* Images.xcassets */ = {isa = PBXFileReference; lastKnownFileType = folder.assetcatalog; path = Images.xcassets; sourceTree = "<group>"; };
		F438533D1A0580C500234A5B /* Base */ = {isa = PBXFileReference; lastKnownFileType = file.xib; name = Base; path = Base.lproj/LaunchScreen.xib; sourceTree = "<group>"; };
		F43853431A0580C500234A5B /* RibbitTests.xctest */ = {isa = PBXFileReference; explicitFileType = wrapper.cfbundle; includeInIndex = 0; path = RibbitTests.xctest; sourceTree = BUILT_PRODUCTS_DIR; };
		F43853481A0580C500234A5B /* Info.plist */ = {isa = PBXFileReference; lastKnownFileType = text.plist.xml; path = Info.plist; sourceTree = "<group>"; };
		F43853491A0580C500234A5B /* RibbitTests.m */ = {isa = PBXFileReference; lastKnownFileType = sourcecode.c.objc; path = RibbitTests.m; sourceTree = "<group>"; };
/* End PBXFileReference section */

/* Begin PBXFrameworksBuildPhase section */
		F43853241A0580C500234A5B /* Frameworks */ = {
			isa = PBXFrameworksBuildPhase;
			buildActionMask = 2147483647;
			files = (
				2792D92B1A0830C70049250E /* libz.1.1.3.dylib in Frameworks */,
				2792D92C1A0830C70049250E /* MobileCoreServices.framework in Frameworks */,
				2792D92D1A0830C70049250E /* QuartzCore.framework in Frameworks */,
				2792D92E1A0830C70049250E /* Security.framework in Frameworks */,
				2792D92F1A0830C70049250E /* StoreKit.framework in Frameworks */,
				2792D9301A0830C70049250E /* SystemConfiguration.framework in Frameworks */,
				2792D9221A0830A80049250E /* CFNetwork.framework in Frameworks */,
				2792D9231A0830A80049250E /* CoreGraphics.framework in Frameworks */,
				2792D9241A0830A80049250E /* CoreLocation.framework in Frameworks */,
				2792D91E1A0830960049250E /* AudioToolbox.framework in Frameworks */,
				2792D91A1A07FF940049250E /* Parse.framework in Frameworks */,
				2792D9191A07FF940049250E /* Bolts.framework in Frameworks */,
				2792D91B1A07FF940049250E /* ParseFacebookUtils.framework in Frameworks */,
			);
			runOnlyForDeploymentPostprocessing = 0;
		};
		F43853401A0580C500234A5B /* Frameworks */ = {
			isa = PBXFrameworksBuildPhase;
			buildActionMask = 2147483647;
			files = (
			);
			runOnlyForDeploymentPostprocessing = 0;
		};
/* End PBXFrameworksBuildPhase section */

/* Begin PBXGroup section */
		2792D91C1A07FFAB0049250E /* Frameworks */ = {
			isa = PBXGroup;
			children = (
				2792D9251A0830C70049250E /* libz.1.1.3.dylib */,
				2792D9261A0830C70049250E /* MobileCoreServices.framework */,
				2792D9271A0830C70049250E /* QuartzCore.framework */,
				2792D9281A0830C70049250E /* Security.framework */,
				2792D9291A0830C70049250E /* StoreKit.framework */,
				2792D92A1A0830C70049250E /* SystemConfiguration.framework */,
				2792D91F1A0830A80049250E /* CFNetwork.framework */,
				2792D9201A0830A80049250E /* CoreGraphics.framework */,
				2792D9211A0830A80049250E /* CoreLocation.framework */,
				2792D91D1A0830960049250E /* AudioToolbox.framework */,
				2792D9161A07FF940049250E /* Bolts.framework */,
				2792D9171A07FF940049250E /* Parse.framework */,
				2792D9181A07FF940049250E /* ParseFacebookUtils.framework */,
			);
			name = Frameworks;
			sourceTree = "<group>";
		};
		F438531E1A0580C500234A5B = {
			isa = PBXGroup;
			children = (
				F43853291A0580C500234A5B /* Ribbit */,
				F43853461A0580C500234A5B /* RibbitTests */,
				F43853281A0580C500234A5B /* Products */,
				2792D91C1A07FFAB0049250E /* Frameworks */,
			);
			sourceTree = "<group>";
		};
		F43853281A0580C500234A5B /* Products */ = {
			isa = PBXGroup;
			children = (
				F43853271A0580C500234A5B /* Ribbit.app */,
				F43853431A0580C500234A5B /* RibbitTests.xctest */,
			);
			name = Products;
			sourceTree = "<group>";
		};
		F43853291A0580C500234A5B /* Ribbit */ = {
			isa = PBXGroup;
			children = (
				F438532E1A0580C500234A5B /* AppDelegate.h */,
				F438532F1A0580C500234A5B /* AppDelegate.m */,
				F43853371A0580C500234A5B /* Main.storyboard */,
				F438533A1A0580C500234A5B /* Images.xcassets */,
				F438533C1A0580C500234A5B /* LaunchScreen.xib */,
				F438532A1A0580C500234A5B /* Supporting Files */,
				27C9265E1A07EC0C00DD02C1 /* InboxTableViewController.h */,
				27C9265F1A07EC0C00DD02C1 /* InboxTableViewController.m */,
			);
			path = Ribbit;
			sourceTree = "<group>";
		};
		F438532A1A0580C500234A5B /* Supporting Files */ = {
			isa = PBXGroup;
			children = (
				F438532B1A0580C500234A5B /* Info.plist */,
				F438532C1A0580C500234A5B /* main.m */,
			);
			name = "Supporting Files";
			sourceTree = "<group>";
		};
		F43853461A0580C500234A5B /* RibbitTests */ = {
			isa = PBXGroup;
			children = (
				F43853491A0580C500234A5B /* RibbitTests.m */,
				F43853471A0580C500234A5B /* Supporting Files */,
			);
			path = RibbitTests;
			sourceTree = "<group>";
		};
		F43853471A0580C500234A5B /* Supporting Files */ = {
			isa = PBXGroup;
			children = (
				F43853481A0580C500234A5B /* Info.plist */,
			);
			name = "Supporting Files";
			sourceTree = "<group>";
		};
/* End PBXGroup section */

/* Begin PBXNativeTarget section */
		F43853261A0580C500234A5B /* Ribbit */ = {
			isa = PBXNativeTarget;
			buildConfigurationList = F438534D1A0580C500234A5B /* Build configuration list for PBXNativeTarget "Ribbit" */;
			buildPhases = (
				F43853231A0580C500234A5B /* Sources */,
				F43853241A0580C500234A5B /* Frameworks */,
				F43853251A0580C500234A5B /* Resources */,
			);
			buildRules = (
			);
			dependencies = (
			);
			name = Ribbit;
			productName = Ribbit;
			productReference = F43853271A0580C500234A5B /* Ribbit.app */;
			productType = "com.apple.product-type.application";
		};
		F43853421A0580C500234A5B /* RibbitTests */ = {
			isa = PBXNativeTarget;
			buildConfigurationList = F43853501A0580C500234A5B /* Build configuration list for PBXNativeTarget "RibbitTests" */;
			buildPhases = (
				F438533F1A0580C500234A5B /* Sources */,
				F43853401A0580C500234A5B /* Frameworks */,
				F43853411A0580C500234A5B /* Resources */,
			);
			buildRules = (
			);
			dependencies = (
				F43853451A0580C500234A5B /* PBXTargetDependency */,
			);
			name = RibbitTests;
			productName = RibbitTests;
			productReference = F43853431A0580C500234A5B /* RibbitTests.xctest */;
			productType = "com.apple.product-type.bundle.unit-test";
		};
/* End PBXNativeTarget section */

/* Begin PBXProject section */
		F438531F1A0580C500234A5B /* Project object */ = {
			isa = PBXProject;
			attributes = {
				LastUpgradeCheck = 0610;
				ORGANIZATIONNAME = Joe;
				TargetAttributes = {
					F43853261A0580C500234A5B = {
						CreatedOnToolsVersion = 6.1;
					};
					F43853421A0580C500234A5B = {
						CreatedOnToolsVersion = 6.1;
						TestTargetID = F43853261A0580C500234A5B;
					};
				};
			};
			buildConfigurationList = F43853221A0580C500234A5B /* Build configuration list for PBXProject "Ribbit" */;
			compatibilityVersion = "Xcode 3.2";
			developmentRegion = English;
			hasScannedForEncodings = 0;
			knownRegions = (
				en,
				Base,
			);
			mainGroup = F438531E1A0580C500234A5B;
			productRefGroup = F43853281A0580C500234A5B /* Products */;
			projectDirPath = "";
			projectRoot = "";
			targets = (
				F43853261A0580C500234A5B /* Ribbit */,
				F43853421A0580C500234A5B /* RibbitTests */,
			);
		};
/* End PBXProject section */

/* Begin PBXResourcesBuildPhase section */
		F43853251A0580C500234A5B /* Resources */ = {
			isa = PBXResourcesBuildPhase;
			buildActionMask = 2147483647;
			files = (
				F43853391A0580C500234A5B /* Main.storyboard in Resources */,
				F438533E1A0580C500234A5B /* LaunchScreen.xib in Resources */,
				F438533B1A0580C500234A5B /* Images.xcassets in Resources */,
			);
			runOnlyForDeploymentPostprocessing = 0;
		};
		F43853411A0580C500234A5B /* Resources */ = {
			isa = PBXResourcesBuildPhase;
			buildActionMask = 2147483647;
			files = (
			);
			runOnlyForDeploymentPostprocessing = 0;
		};
/* End PBXResourcesBuildPhase section */

/* Begin PBXSourcesBuildPhase section */
		F43853231A0580C500234A5B /* Sources */ = {
			isa = PBXSourcesBuildPhase;
			buildActionMask = 2147483647;
			files = (
				27C926601A07EC0C00DD02C1 /* InboxTableViewController.m in Sources */,
				F43853301A0580C500234A5B /* AppDelegate.m in Sources */,
				F438532D1A0580C500234A5B /* main.m in Sources */,
			);
			runOnlyForDeploymentPostprocessing = 0;
		};
		F438533F1A0580C500234A5B /* Sources */ = {
			isa = PBXSourcesBuildPhase;
			buildActionMask = 2147483647;
			files = (
				F438534A1A0580C500234A5B /* RibbitTests.m in Sources */,
			);
			runOnlyForDeploymentPostprocessing = 0;
		};
/* End PBXSourcesBuildPhase section */

/* Begin PBXTargetDependency section */
		F43853451A0580C500234A5B /* PBXTargetDependency */ = {
			isa = PBXTargetDependency;
			target = F43853261A0580C500234A5B /* Ribbit */;
			targetProxy = F43853441A0580C500234A5B /* PBXContainerItemProxy */;
		};
/* End PBXTargetDependency section */

/* Begin PBXVariantGroup section */
		F43853371A0580C500234A5B /* Main.storyboard */ = {
			isa = PBXVariantGroup;
			children = (
				F43853381A0580C500234A5B /* Base */,
			);
			name = Main.storyboard;
			sourceTree = "<group>";
		};
		F438533C1A0580C500234A5B /* LaunchScreen.xib */ = {
			isa = PBXVariantGroup;
			children = (
				F438533D1A0580C500234A5B /* Base */,
			);
			name = LaunchScreen.xib;
			sourceTree = "<group>";
		};
/* End PBXVariantGroup section */

/* Begin XCBuildConfiguration section */
		F438534B1A0580C500234A5B /* Debug */ = {
			isa = XCBuildConfiguration;
			buildSettings = {
				ALWAYS_SEARCH_USER_PATHS = NO;
				CLANG_CXX_LANGUAGE_STANDARD = "gnu++0x";
				CLANG_CXX_LIBRARY = "libc++";
				CLANG_ENABLE_MODULES = YES;
				CLANG_ENABLE_OBJC_ARC = YES;
				CLANG_WARN_BOOL_CONVERSION = YES;
				CLANG_WARN_CONSTANT_CONVERSION = YES;
				CLANG_WARN_DIRECT_OBJC_ISA_USAGE = YES_ERROR;
				CLANG_WARN_EMPTY_BODY = YES;
				CLANG_WARN_ENUM_CONVERSION = YES;
				CLANG_WARN_INT_CONVERSION = YES;
				CLANG_WARN_OBJC_ROOT_CLASS = YES_ERROR;
				CLANG_WARN_UNREACHABLE_CODE = YES;
				CLANG_WARN__DUPLICATE_METHOD_MATCH = YES;
				"CODE_SIGN_IDENTITY[sdk=iphoneos*]" = "iPhone Developer";
				COPY_PHASE_STRIP = NO;
				ENABLE_STRICT_OBJC_MSGSEND = YES;
				GCC_C_LANGUAGE_STANDARD = gnu99;
				GCC_DYNAMIC_NO_PIC = NO;
				GCC_OPTIMIZATION_LEVEL = 0;
				GCC_PREPROCESSOR_DEFINITIONS = (
					"DEBUG=1",
					"$(inherited)",
				);
				GCC_SYMBOLS_PRIVATE_EXTERN = NO;
				GCC_WARN_64_TO_32_BIT_CONVERSION = YES;
				GCC_WARN_ABOUT_RETURN_TYPE = YES_ERROR;
				GCC_WARN_UNDECLARED_SELECTOR = YES;
				GCC_WARN_UNINITIALIZED_AUTOS = YES_AGGRESSIVE;
				GCC_WARN_UNUSED_FUNCTION = YES;
				GCC_WARN_UNUSED_VARIABLE = YES;
				IPHONEOS_DEPLOYMENT_TARGET = 8.0;
				MTL_ENABLE_DEBUG_INFO = YES;
				ONLY_ACTIVE_ARCH = YES;
				SDKROOT = iphoneos;
			};
			name = Debug;
		};
		F438534C1A0580C500234A5B /* Release */ = {
			isa = XCBuildConfiguration;
			buildSettings = {
				ALWAYS_SEARCH_USER_PATHS = NO;
				CLANG_CXX_LANGUAGE_STANDARD = "gnu++0x";
				CLANG_CXX_LIBRARY = "libc++";
				CLANG_ENABLE_MODULES = YES;
				CLANG_ENABLE_OBJC_ARC = YES;
				CLANG_WARN_BOOL_CONVERSION = YES;
				CLANG_WARN_CONSTANT_CONVERSION = YES;
				CLANG_WARN_DIRECT_OBJC_ISA_USAGE = YES_ERROR;
				CLANG_WARN_EMPTY_BODY = YES;
				CLANG_WARN_ENUM_CONVERSION = YES;
				CLANG_WARN_INT_CONVERSION = YES;
				CLANG_WARN_OBJC_ROOT_CLASS = YES_ERROR;
				CLANG_WARN_UNREACHABLE_CODE = YES;
				CLANG_WARN__DUPLICATE_METHOD_MATCH = YES;
				"CODE_SIGN_IDENTITY[sdk=iphoneos*]" = "iPhone Developer";
				COPY_PHASE_STRIP = YES;
				ENABLE_NS_ASSERTIONS = NO;
				ENABLE_STRICT_OBJC_MSGSEND = YES;
				GCC_C_LANGUAGE_STANDARD = gnu99;
				GCC_WARN_64_TO_32_BIT_CONVERSION = YES;
				GCC_WARN_ABOUT_RETURN_TYPE = YES_ERROR;
				GCC_WARN_UNDECLARED_SELECTOR = YES;
				GCC_WARN_UNINITIALIZED_AUTOS = YES_AGGRESSIVE;
				GCC_WARN_UNUSED_FUNCTION = YES;
				GCC_WARN_UNUSED_VARIABLE = YES;
				IPHONEOS_DEPLOYMENT_TARGET = 8.0;
				MTL_ENABLE_DEBUG_INFO = NO;
				SDKROOT = iphoneos;
				VALIDATE_PRODUCT = YES;
			};
			name = Release;
		};
		F438534E1A0580C500234A5B /* Debug */ = {
			isa = XCBuildConfiguration;
			buildSettings = {
				ASSETCATALOG_COMPILER_APPICON_NAME = AppIcon;
				FRAMEWORK_SEARCH_PATHS = (
					"$(inherited)",
					"$(PROJECT_DIR)/parse-library-1.4.2",
				);
				INFOPLIST_FILE = Ribbit/Info.plist;
				LD_RUNPATH_SEARCH_PATHS = "$(inherited) @executable_path/Frameworks";
				PRODUCT_NAME = "$(TARGET_NAME)";
			};
			name = Debug;
		};
		F438534F1A0580C500234A5B /* Release */ = {
			isa = XCBuildConfiguration;
			buildSettings = {
				ASSETCATALOG_COMPILER_APPICON_NAME = AppIcon;
				FRAMEWORK_SEARCH_PATHS = (
					"$(inherited)",
					"$(PROJECT_DIR)/parse-library-1.4.2",
				);
				INFOPLIST_FILE = Ribbit/Info.plist;
				LD_RUNPATH_SEARCH_PATHS = "$(inherited) @executable_path/Frameworks";
				PRODUCT_NAME = "$(TARGET_NAME)";
			};
			name = Release;
		};
		F43853511A0580C500234A5B /* Debug */ = {
			isa = XCBuildConfiguration;
			buildSettings = {
				BUNDLE_LOADER = "$(TEST_HOST)";
				FRAMEWORK_SEARCH_PATHS = (
					"$(SDKROOT)/Developer/Library/Frameworks",
					"$(inherited)",
				);
				GCC_PREPROCESSOR_DEFINITIONS = (
					"DEBUG=1",
					"$(inherited)",
				);
				INFOPLIST_FILE = RibbitTests/Info.plist;
				LD_RUNPATH_SEARCH_PATHS = "$(inherited) @executable_path/Frameworks @loader_path/Frameworks";
				PRODUCT_NAME = "$(TARGET_NAME)";
				TEST_HOST = "$(BUILT_PRODUCTS_DIR)/Ribbit.app/Ribbit";
			};
			name = Debug;
		};
		F43853521A0580C500234A5B /* Release */ = {
			isa = XCBuildConfiguration;
			buildSettings = {
				BUNDLE_LOADER = "$(TEST_HOST)";
				FRAMEWORK_SEARCH_PATHS = (
					"$(SDKROOT)/Developer/Library/Frameworks",
					"$(inherited)",
				);
				INFOPLIST_FILE = RibbitTests/Info.plist;
				LD_RUNPATH_SEARCH_PATHS = "$(inherited) @executable_path/Frameworks @loader_path/Frameworks";
				PRODUCT_NAME = "$(TARGET_NAME)";
				TEST_HOST = "$(BUILT_PRODUCTS_DIR)/Ribbit.app/Ribbit";
			};
			name = Release;
		};
/* End XCBuildConfiguration section */

/* Begin XCConfigurationList section */
		F43853221A0580C500234A5B /* Build configuration list for PBXProject "Ribbit" */ = {
			isa = XCConfigurationList;
			buildConfigurations = (
				F438534B1A0580C500234A5B /* Debug */,
				F438534C1A0580C500234A5B /* Release */,
			);
			defaultConfigurationIsVisible = 0;
			defaultConfigurationName = Release;
		};
		F438534D1A0580C500234A5B /* Build configuration list for PBXNativeTarget "Ribbit" */ = {
			isa = XCConfigurationList;
			buildConfigurations = (
				F438534E1A0580C500234A5B /* Debug */,
				F438534F1A0580C500234A5B /* Release */,
			);
			defaultConfigurationIsVisible = 0;
			defaultConfigurationName = Release;
		};
		F43853501A0580C500234A5B /* Build configuration list for PBXNativeTarget "RibbitTests" */ = {
			isa = XCConfigurationList;
			buildConfigurations = (
				F43853511A0580C500234A5B /* Debug */,
				F43853521A0580C500234A5B /* Release */,
			);
			defaultConfigurationIsVisible = 0;
			defaultConfigurationName = Release;
		};
/* End XCConfigurationList section */
	};
	rootObject = F438531F1A0580C500234A5B /* Project object */;
}
